// !$*UTF8*$!
{
	archiveVersion = 1;
	classes = {
	};
	objectVersion = 77;
	objects = {

/* Begin PBXBuildFile section */
		2357DA512FC70E2700C19B6D /* SDWebImageSwiftUI in Frameworks */ = {isa = PBXBuildFile; productRef = 2357DA502FC70E2700C19B6D /* SDWebImageSwiftUI */; };
		2357DA732FC7151F00C19B6D /* RealmSwift in Frameworks */ = {isa = PBXBuildFile; productRef = 2357DA722FC7151F00C19B6D /* RealmSwift */; };
		01CD0A31B206858EC373F2A2 /* MatchMateApp.swift in Sources */ = {isa = PBXBuildFile; fileRef = 4BE56A895A67FA6AA414177E /* MatchMateApp.swift */; };
		28AA76548AABB8589EC6965D /* MatchUser.swift in Sources */ = {isa = PBXBuildFile; fileRef = BF1B4B6A59E87DCD4D710326 /* MatchUser.swift */; };
		7A85457B658D292189B6DEB8 /* RealmMatchObject.swift in Sources */ = {isa = PBXBuildFile; fileRef = 61945CDE57006E346E05ACAE /* RealmMatchObject.swift */; };
		D5AE527D4AFDE8B2AA1B14CB /* MatchRepository.swift in Sources */ = {isa = PBXBuildFile; fileRef = 619347C9B019A294A979D1A1 /* MatchRepository.swift */; };
		A25C1851DC6137FB09BAD54B /* NetworkMonitor.swift in Sources */ = {isa = PBXBuildFile; fileRef = BD9F263C2943451D1AFB1912 /* NetworkMonitor.swift */; };
		BBB62D3A8EEBAF631D5C30C3 /* UserAPIService.swift in Sources */ = {isa = PBXBuildFile; fileRef = 0F7F619E89A4A687C3036F7D /* UserAPIService.swift */; };
		299E61A4F3B6FE7129457CE3 /* MatchListViewModel.swift in Sources */ = {isa = PBXBuildFile; fileRef = DFF9722EA0FF6C14C706D774 /* MatchListViewModel.swift */; };
		8C84F6203B875DE98DBD4078 /* MatchCardView.swift in Sources */ = {isa = PBXBuildFile; fileRef = E5DF54EF49BEBC2BF8A4CE4C /* MatchCardView.swift */; };
		B51B6130A820E823E334909D /* MatchListView.swift in Sources */ = {isa = PBXBuildFile; fileRef = C8175AE61E2230A7AA290F33 /* MatchListView.swift */; };
		BC30D32213AAE79C138B5DDF /* StatusBadgeView.swift in Sources */ = {isa = PBXBuildFile; fileRef = E291E7200F60A82B89C0D57C /* StatusBadgeView.swift */; };
		3E243F60B97FE17ACB53B8C7 /* Assets.xcassets in Resources */ = {isa = PBXBuildFile; fileRef = 28911CA10246A3FB138BEEF7 /* Assets.xcassets */; };
/* End PBXBuildFile section */

/* Begin PBXFileReference section */
		2357DA3A2FC7094200C19B6D /* MatchMate.app */ = {isa = PBXFileReference; explicitFileType = wrapper.application; includeInIndex = 0; path = MatchMate.app; sourceTree = BUILT_PRODUCTS_DIR; };
		4BE56A895A67FA6AA414177E /* MatchMateApp.swift */ = {isa = PBXFileReference; lastKnownFileType = sourcecode.swift; name = MatchMateApp.swift; path = MatchMateApp.swift; sourceTree = "<group>"; };
		BF1B4B6A59E87DCD4D710326 /* MatchUser.swift */ = {isa = PBXFileReference; lastKnownFileType = sourcecode.swift; name = MatchUser.swift; path = MatchUser.swift; sourceTree = "<group>"; };
		61945CDE57006E346E05ACAE /* RealmMatchObject.swift */ = {isa = PBXFileReference; lastKnownFileType = sourcecode.swift; name = RealmMatchObject.swift; path = RealmMatchObject.swift; sourceTree = "<group>"; };
		619347C9B019A294A979D1A1 /* MatchRepository.swift */ = {isa = PBXFileReference; lastKnownFileType = sourcecode.swift; name = MatchRepository.swift; path = MatchRepository.swift; sourceTree = "<group>"; };
		BD9F263C2943451D1AFB1912 /* NetworkMonitor.swift */ = {isa = PBXFileReference; lastKnownFileType = sourcecode.swift; name = NetworkMonitor.swift; path = NetworkMonitor.swift; sourceTree = "<group>"; };
		0F7F619E89A4A687C3036F7D /* UserAPIService.swift */ = {isa = PBXFileReference; lastKnownFileType = sourcecode.swift; name = UserAPIService.swift; path = UserAPIService.swift; sourceTree = "<group>"; };
		DFF9722EA0FF6C14C706D774 /* MatchListViewModel.swift */ = {isa = PBXFileReference; lastKnownFileType = sourcecode.swift; name = MatchListViewModel.swift; path = MatchListViewModel.swift; sourceTree = "<group>"; };
		E5DF54EF49BEBC2BF8A4CE4C /* MatchCardView.swift */ = {isa = PBXFileReference; lastKnownFileType = sourcecode.swift; name = MatchCardView.swift; path = MatchCardView.swift; sourceTree = "<group>"; };
		C8175AE61E2230A7AA290F33 /* MatchListView.swift */ = {isa = PBXFileReference; lastKnownFileType = sourcecode.swift; name = MatchListView.swift; path = MatchListView.swift; sourceTree = "<group>"; };
		E291E7200F60A82B89C0D57C /* StatusBadgeView.swift */ = {isa = PBXFileReference; lastKnownFileType = sourcecode.swift; name = StatusBadgeView.swift; path = StatusBadgeView.swift; sourceTree = "<group>"; };
		28911CA10246A3FB138BEEF7 /* Assets.xcassets */ = {isa = PBXFileReference; explicitFileType = folder.assetcatalog; includeInIndex = 0; path = Assets.xcassets; sourceTree = "<group>"; };
/* End PBXFileReference section */

/* Begin PBXFileSystemSynchronizedRootGroup section */
		2357DA3C2FC7094200C19B6D /* MatchMate */ = {
			isa = PBXFileSystemSynchronizedRootGroup;
			name = MatchMate;
			path = MatchMate;
			sourceTree = SOURCE_ROOT;
			children = (
				4BE56A895A67FA6AA414177E /* MatchMateApp.swift */,
				28911CA10246A3FB138BEEF7 /* Assets.xcassets */,
				F65A0F14D503AF8C3643E8AD /* Model */,
				D15C4BEFA675C2BEF5FFB9C0 /* Repository */,
				9A57BF1910370FA9BE9FFCC0 /* Services */,
				5E5C6C0A678B75284C7FC02A /* ViewModels */,
				F72D132A1F1F2DAA220D3F09 /* Views */,
			);
		};
/* End PBXFileSystemSynchronizedRootGroup section */

/* Begin PBXFrameworksBuildPhase section */
		2357DA372FC7094200C19B6D /* Frameworks */ = {
			isa = PBXFrameworksBuildPhase;
			buildActionMask = 2147483647;
			files = (
				2357DA732FC7151F00C19B6D /* RealmSwift in Frameworks */,
				2357DA512FC70E2700C19B6D /* SDWebImageSwiftUI in Frameworks */,
			);
			runOnlyForDeploymentPostprocessing = 0;
		};
/* End PBXFrameworksBuildPhase section */

/* Begin PBXGroup section */
		2357DA312FC7094200C19B6D = {
			isa = PBXGroup;
			children = (
				2357DA3C2FC7094200C19B6D /* MatchMate */,
				2357DA3B2FC7094200C19B6D /* Products */,
			);
			sourceTree = "<group>";
		};
		2357DA3B2FC7094200C19B6D /* Products */ = {
			isa = PBXGroup;
			children = (
				2357DA3A2FC7094200C19B6D /* MatchMate.app */,
			);
			name = Products;
			sourceTree = "<group>";
		};
		F65A0F14D503AF8C3643E8AD /* Model */ = {
			isa = PBXGroup;
			children = (
				BF1B4B6A59E87DCD4D710326 /* MatchUser.swift */,
				61945CDE57006E346E05ACAE /* RealmMatchObject.swift */,
			);
			name = Model;
			path = Model;
			sourceTree = "<group>";
		};
		D15C4BEFA675C2BEF5FFB9C0 /* Repository */ = {
			isa = PBXGroup;
			children = (
				619347C9B019A294A979D1A1 /* MatchRepository.swift */,
			);
			name = Repository;
			path = Repository;
			sourceTree = "<group>";
		};
		9A57BF1910370FA9BE9FFCC0 /* Services */ = {
			isa = PBXGroup;
			children = (
				BD9F263C2943451D1AFB1912 /* NetworkMonitor.swift */,
				0F7F619E89A4A687C3036F7D /* UserAPIService.swift */,
			);
			name = Services;
			path = Services;
			sourceTree = "<group>";
		};
		5E5C6C0A678B75284C7FC02A /* ViewModels */ = {
			isa = PBXGroup;
			children = (
				DFF9722EA0FF6C14C706D774 /* MatchListViewModel.swift */,
			);
			name = ViewModels;
			path = ViewModels;
			sourceTree = "<group>";
		};
		F72D132A1F1F2DAA220D3F09 /* Views */ = {
			isa = PBXGroup;
			children = (
				E5DF54EF49BEBC2BF8A4CE4C /* MatchCardView.swift */,
				C8175AE61E2230A7AA290F33 /* MatchListView.swift */,
				E291E7200F60A82B89C0D57C /* StatusBadgeView.swift */,
			);
			name = Views;
			path = Views;
			sourceTree = "<group>";
		};
/* End PBXGroup section */

/* Begin PBXNativeTarget section */
		2357DA392FC7094200C19B6D /* MatchMate */ = {
			isa = PBXNativeTarget;
			buildConfigurationList = 2357DA452FC7094400C19B6D /* Build configuration list for PBXNativeTarget "MatchMate" */;
			buildPhases = (
				2357DA362FC7094200C19B6D /* Sources */,
				2357DA372FC7094200C19B6D /* Frameworks */,
				2357DA382FC7094200C19B6D /* Resources */,
			);
			buildRules = (
			);
			dependencies = (
			);
			fileSystemSynchronizedGroups = (
				2357DA3C2FC7094200C19B6D /* MatchMate */,
			);
			name = MatchMate;
			packageProductDependencies = (
				2357DA502FC70E2700C19B6D /* SDWebImageSwiftUI */,
				2357DA722FC7151F00C19B6D /* RealmSwift */,
			);
			productName = MatchMate;
			productReference = 2357DA3A2FC7094200C19B6D /* MatchMate.app */;
			productType = "com.apple.product-type.application";
		};
/* End PBXNativeTarget section */

/* Begin PBXProject section */
		2357DA322FC7094200C19B6D /* Project object */ = {
			isa = PBXProject;
			attributes = {
				BuildIndependentTargetsInParallel = 1;
				LastSwiftUpdateCheck = 2630;
				LastUpgradeCheck = 2630;
				TargetAttributes = {
					2357DA392FC7094200C19B6D = {
						CreatedOnToolsVersion = 26.3;
					};
				};
			};
			buildConfigurationList = 2357DA352FC7094200C19B6D /* Build configuration list for PBXProject "MatchMate" */;
			developmentRegion = en;
			hasScannedForEncodings = 0;
			knownRegions = (
				en,
				Base,
			);
			mainGroup = 2357DA312FC7094200C19B6D;
			minimizedProjectReferenceProxies = 1;
			packageReferences = (
				2357DA4F2FC70E2700C19B6D /* XCRemoteSwiftPackageReference "SDWebImageSwiftUI" */,
				2357DA712FC7151F00C19B6D /* XCRemoteSwiftPackageReference "realm-swift" */,
			);
			preferredProjectObjectVersion = 77;
			productRefGroup = 2357DA3B2FC7094200C19B6D /* Products */;
			projectDirPath = "";
			projectRoot = "";
			targets = (
				2357DA392FC7094200C19B6D /* MatchMate */,
			);
		};
/* End PBXProject section */

/* Begin PBXResourcesBuildPhase section */
		2357DA382FC7094200C19B6D /* Resources */ = {
			isa = PBXResourcesBuildPhase;
			buildActionMask = 2147483647;
			files = (
				3E243F60B97FE17ACB53B8C7 /* Assets.xcassets in Resources */,
			);
			runOnlyForDeploymentPostprocessing = 0;
		};
/* End PBXResourcesBuildPhase section */

/* Begin PBXSourcesBuildPhase section */
		2357DA362FC7094200C19B6D /* Sources */ = {
			isa = PBXSourcesBuildPhase;
			buildActionMask = 2147483647;
			files = (
				01CD0A31B206858EC373F2A2 /* MatchMateApp.swift in Sources */,
				28AA76548AABB8589EC6965D /* MatchUser.swift in Sources */,
				7A85457B658D292189B6DEB8 /* RealmMatchObject.swift in Sources */,
				D5AE527D4AFDE8B2AA1B14CB /* MatchRepository.swift in Sources */,
				A25C1851DC6137FB09BAD54B /* NetworkMonitor.swift in Sources */,
				BBB62D3A8EEBAF631D5C30C3 /* UserAPIService.swift in Sources */,
				299E61A4F3B6FE7129457CE3 /* MatchListViewModel.swift in Sources */,
				8C84F6203B875DE98DBD4078 /* MatchCardView.swift in Sources */,
				B51B6130A820E823E334909D /* MatchListView.swift in Sources */,
				BC30D32213AAE79C138B5DDF /* StatusBadgeView.swift in Sources */,
			);
			runOnlyForDeploymentPostprocessing = 0;
		};
/* End PBXSourcesBuildPhase section */

/* Begin XCBuildConfiguration section */
		2357DA432FC7094400C19B6D /* Debug */ = {
			isa = XCBuildConfiguration;
			buildSettings = {
				ALWAYS_SEARCH_USER_PATHS = NO;
				ASSETCATALOG_COMPILER_GENERATE_SWIFT_ASSET_SYMBOL_EXTENSIONS = YES;
				CLANG_ANALYZER_NONNULL = YES;
				CLANG_ANALYZER_NUMBER_OBJECT_CONVERSION = YES_AGGRESSIVE;
				CLANG_CXX_LANGUAGE_STANDARD = "gnu++20";
				CLANG_ENABLE_MODULES = YES;
				CLANG_ENABLE_OBJC_ARC = YES;
				CLANG_ENABLE_OBJC_WEAK = YES;
				CLANG_WARN_BLOCK_CAPTURE_AUTORELEASING = YES;
				CLANG_WARN_BOOL_CONVERSION = YES;
				CLANG_WARN_COMMA = YES;
				CLANG_WARN_CONSTANT_CONVERSION = YES;
				CLANG_WARN_DEPRECATED_OBJC_IMPLEMENTATIONS = YES;
				CLANG_WARN_DIRECT_OBJC_ISA_USAGE = YES_ERROR;
				CLANG_WARN_DOCUMENTATION_COMMENTS = YES;
				CLANG_WARN_EMPTY_BODY = YES;
				CLANG_WARN_ENUM_CONVERSION = YES;
				CLANG_WARN_INFINITE_RECURSION = YES;
				CLANG_WARN_INT_CONVERSION = YES;
				CLANG_WARN_NON_LITERAL_NULL_CONVERSION = YES;
				CLANG_WARN_OBJC_IMPLICIT_RETAIN_SELF = YES;
				CLANG_WARN_OBJC_LITERAL_CONVERSION = YES;
				CLANG_WARN_OBJC_ROOT_CLASS = YES_ERROR;
				CLANG_WARN_QUOTED_INCLUDE_IN_FRAMEWORK_HEADER = YES;
				CLANG_WARN_RANGE_LOOP_ANALYSIS = YES;
				CLANG_WARN_STRICT_PROTOTYPES = YES;
				CLANG_WARN_SUSPICIOUS_MOVE = YES;
				CLANG_WARN_UNGUARDED_AVAILABILITY = YES_AGGRESSIVE;
				CLANG_WARN_UNREACHABLE_CODE = YES;
				CLANG_WARN__DUPLICATE_METHOD_MATCH = YES;
				COPY_PHASE_STRIP = NO;
				DEBUG_INFORMATION_FORMAT = dwarf;
				ENABLE_STRICT_OBJC_MSGSEND = YES;
				ENABLE_TESTABILITY = YES;
				ENABLE_USER_SCRIPT_SANDBOXING = YES;
				GCC_C_LANGUAGE_STANDARD = gnu17;
				GCC_DYNAMIC_NO_PIC = NO;
				GCC_NO_COMMON_BLOCKS = YES;
				GCC_OPTIMIZATION_LEVEL = 0;
				GCC_PREPROCESSOR_DEFINITIONS = (
					"DEBUG=1",
					"$(inherited)",
				);
				GCC_WARN_64_TO_32_BIT_CONVERSION = YES;
				GCC_WARN_ABOUT_RETURN_TYPE = YES_ERROR;
				GCC_WARN_UNDECLARED_SELECTOR = YES;
				GCC_WARN_UNINITIALIZED_AUTOS = YES_AGGRESSIVE;
				GCC_WARN_UNUSED_FUNCTION = YES;
				GCC_WARN_UNUSED_VARIABLE = YES;
				LOCALIZATION_PREFERS_STRING_CATALOGS = YES;
				MTL_ENABLE_DEBUG_INFO = INCLUDE_SOURCE;
				MTL_FAST_MATH = YES;
				ONLY_ACTIVE_ARCH = YES;
				SWIFT_ACTIVE_COMPILATION_CONDITIONS = "DEBUG $(inherited)";
				SWIFT_OPTIMIZATION_LEVEL = "-Onone";
			};
			name = Debug;
		};
		2357DA442FC7094400C19B6D /* Release */ = {
			isa = XCBuildConfiguration;
			buildSettings = {
				ALWAYS_SEARCH_USER_PATHS = NO;
				ASSETCATALOG_COMPILER_GENERATE_SWIFT_ASSET_SYMBOL_EXTENSIONS = YES;
				CLANG_ANALYZER_NONNULL = YES;
				CLANG_ANALYZER_NUMBER_OBJECT_CONVERSION = YES_AGGRESSIVE;
				CLANG_CXX_LANGUAGE_STANDARD = "gnu++20";
				CLANG_ENABLE_MODULES = YES;
				CLANG_ENABLE_OBJC_ARC = YES;
				CLANG_ENABLE_OBJC_WEAK = YES;
				CLANG_WARN_BLOCK_CAPTURE_AUTORELEASING = YES;
				CLANG_WARN_BOOL_CONVERSION = YES;
				CLANG_WARN_COMMA = YES;
				CLANG_WARN_CONSTANT_CONVERSION = YES;
				CLANG_WARN_DEPRECATED_OBJC_IMPLEMENTATIONS = YES;
				CLANG_WARN_DIRECT_OBJC_ISA_USAGE = YES_ERROR;
				CLANG_WARN_DOCUMENTATION_COMMENTS = YES;
				CLANG_WARN_EMPTY_BODY = YES;
				CLANG_WARN_ENUM_CONVERSION = YES;
				CLANG_WARN_INFINITE_RECURSION = YES;
				CLANG_WARN_INT_CONVERSION = YES;
				CLANG_WARN_NON_LITERAL_NULL_CONVERSION = YES;
				CLANG_WARN_OBJC_IMPLICIT_RETAIN_SELF = YES;
				CLANG_WARN_OBJC_LITERAL_CONVERSION = YES;
				CLANG_WARN_OBJC_ROOT_CLASS = YES_ERROR;
				CLANG_WARN_QUOTED_INCLUDE_IN_FRAMEWORK_HEADER = YES;
				CLANG_WARN_RANGE_LOOP_ANALYSIS = YES;
				CLANG_WARN_STRICT_PROTOTYPES = YES;
				CLANG_WARN_SUSPICIOUS_MOVE = YES;
				CLANG_WARN_UNGUARDED_AVAILABILITY = YES_AGGRESSIVE;
				CLANG_WARN_UNREACHABLE_CODE = YES;
				CLANG_WARN__DUPLICATE_METHOD_MATCH = YES;
				COPY_PHASE_STRIP = NO;
				DEBUG_INFORMATION_FORMAT = "dwarf-with-dsym";
				ENABLE_NS_ASSERTIONS = NO;
				ENABLE_STRICT_OBJC_MSGSEND = YES;
				ENABLE_USER_SCRIPT_SANDBOXING = YES;
				GCC_C_LANGUAGE_STANDARD = gnu17;
				GCC_NO_COMMON_BLOCKS = YES;
				GCC_WARN_64_TO_32_BIT_CONVERSION = YES;
				GCC_WARN_ABOUT_RETURN_TYPE = YES_ERROR;
				GCC_WARN_UNDECLARED_SELECTOR = YES;
				GCC_WARN_UNINITIALIZED_AUTOS = YES_AGGRESSIVE;
				GCC_WARN_UNUSED_FUNCTION = YES;
				GCC_WARN_UNUSED_VARIABLE = YES;
				LOCALIZATION_PREFERS_STRING_CATALOGS = YES;
				MTL_ENABLE_DEBUG_INFO = NO;
				MTL_FAST_MATH = YES;
				SWIFT_COMPILATION_MODE = wholemodule;
			};
			name = Release;
		};
		2357DA462FC7094400C19B6D /* Debug */ = {
			isa = XCBuildConfiguration;
			buildSettings = {
				ASSETCATALOG_COMPILER_APPICON_NAME = AppIcon;
				ASSETCATALOG_COMPILER_GLOBAL_ACCENT_COLOR_NAME = AccentColor;
				CODE_SIGN_STYLE = Automatic;
				CURRENT_PROJECT_VERSION = 1;
				ENABLE_APP_SANDBOX = YES;
				ENABLE_PREVIEWS = YES;
				ENABLE_USER_SELECTED_FILES = readonly;
				GENERATE_INFOPLIST_FILE = YES;
				"INFOPLIST_KEY_UIApplicationSceneManifest_Generation[sdk=iphoneos*]" = YES;
				"INFOPLIST_KEY_UIApplicationSceneManifest_Generation[sdk=iphonesimulator*]" = YES;
				"INFOPLIST_KEY_UIApplicationSupportsIndirectInputEvents[sdk=iphoneos*]" = YES;
				"INFOPLIST_KEY_UIApplicationSupportsIndirectInputEvents[sdk=iphonesimulator*]" = YES;
				"INFOPLIST_KEY_UILaunchScreen_Generation[sdk=iphoneos*]" = YES;
				"INFOPLIST_KEY_UILaunchScreen_Generation[sdk=iphonesimulator*]" = YES;
				"INFOPLIST_KEY_UIStatusBarStyle[sdk=iphoneos*]" = UIStatusBarStyleDefault;
				"INFOPLIST_KEY_UIStatusBarStyle[sdk=iphonesimulator*]" = UIStatusBarStyleDefault;
				INFOPLIST_KEY_UISupportedInterfaceOrientations_iPad = "UIInterfaceOrientationPortrait UIInterfaceOrientationPortraitUpsideDown UIInterfaceOrientationLandscapeLeft UIInterfaceOrientationLandscapeRight";
				INFOPLIST_KEY_UISupportedInterfaceOrientations_iPhone = "UIInterfaceOrientationPortrait UIInterfaceOrientationLandscapeLeft UIInterfaceOrientationLandscapeRight";
				IPHONEOS_DEPLOYMENT_TARGET = 16.0;
				LD_RUNPATH_SEARCH_PATHS = "@executable_path/Frameworks";
				"LD_RUNPATH_SEARCH_PATHS[sdk=macosx*]" = "@executable_path/../Frameworks";
				MACOSX_DEPLOYMENT_TARGET = 26.2;
				MARKETING_VERSION = 1.0;
				PRODUCT_BUNDLE_IDENTIFIER = com.MatchMate;
				PRODUCT_NAME = "$(TARGET_NAME)";
				REGISTER_APP_GROUPS = YES;
				SDKROOT = auto;
				STRING_CATALOG_GENERATE_SYMBOLS = YES;
				SUPPORTED_PLATFORMS = "iphoneos iphonesimulator macosx xros xrsimulator";
				SWIFT_APPROACHABLE_CONCURRENCY = YES;
				SWIFT_DEFAULT_ACTOR_ISOLATION = MainActor;
				SWIFT_EMIT_LOC_STRINGS = YES;
				SWIFT_UPCOMING_FEATURE_MEMBER_IMPORT_VISIBILITY = YES;
				SWIFT_VERSION = 5.0;
				TARGETED_DEVICE_FAMILY = "1,2,7";
				XROS_DEPLOYMENT_TARGET = 26.2;
			};
			name = Debug;
		};
		2357DA472FC7094400C19B6D /* Release */ = {
			isa = XCBuildConfiguration;
			buildSettings = {
				ASSETCATALOG_COMPILER_APPICON_NAME = AppIcon;
				ASSETCATALOG_COMPILER_GLOBAL_ACCENT_COLOR_NAME = AccentColor;
				CODE_SIGN_STYLE = Automatic;
				CURRENT_PROJECT_VERSION = 1;
				ENABLE_APP_SANDBOX = YES;
				ENABLE_PREVIEWS = YES;
				ENABLE_USER_SELECTED_FILES = readonly;
				GENERATE_INFOPLIST_FILE = YES;
				"INFOPLIST_KEY_UIApplicationSceneManifest_Generation[sdk=iphoneos*]" = YES;
				"INFOPLIST_KEY_UIApplicationSceneManifest_Generation[sdk=iphonesimulator*]" = YES;
				"INFOPLIST_KEY_UIApplicationSupportsIndirectInputEvents[sdk=iphoneos*]" = YES;
				"INFOPLIST_KEY_UIApplicationSupportsIndirectInputEvents[sdk=iphonesimulator*]" = YES;
				"INFOPLIST_KEY_UILaunchScreen_Generation[sdk=iphoneos*]" = YES;
				"INFOPLIST_KEY_UILaunchScreen_Generation[sdk=iphonesimulator*]" = YES;
				"INFOPLIST_KEY_UIStatusBarStyle[sdk=iphoneos*]" = UIStatusBarStyleDefault;
				"INFOPLIST_KEY_UIStatusBarStyle[sdk=iphonesimulator*]" = UIStatusBarStyleDefault;
				INFOPLIST_KEY_UISupportedInterfaceOrientations_iPad = "UIInterfaceOrientationPortrait UIInterfaceOrientationPortraitUpsideDown UIInterfaceOrientationLandscapeLeft UIInterfaceOrientationLandscapeRight";
				INFOPLIST_KEY_UISupportedInterfaceOrientations_iPhone = "UIInterfaceOrientationPortrait UIInterfaceOrientationLandscapeLeft UIInterfaceOrientationLandscapeRight";
				IPHONEOS_DEPLOYMENT_TARGET = 16.0;
				LD_RUNPATH_SEARCH_PATHS = "@executable_path/Frameworks";
				"LD_RUNPATH_SEARCH_PATHS[sdk=macosx*]" = "@executable_path/../Frameworks";
				MACOSX_DEPLOYMENT_TARGET = 26.2;
				MARKETING_VERSION = 1.0;
				PRODUCT_BUNDLE_IDENTIFIER = com.MatchMate;
				PRODUCT_NAME = "$(TARGET_NAME)";
				REGISTER_APP_GROUPS = YES;
				SDKROOT = auto;
				STRING_CATALOG_GENERATE_SYMBOLS = YES;
				SUPPORTED_PLATFORMS = "iphoneos iphonesimulator macosx xros xrsimulator";
				SWIFT_APPROACHABLE_CONCURRENCY = YES;
				SWIFT_DEFAULT_ACTOR_ISOLATION = MainActor;
				SWIFT_EMIT_LOC_STRINGS = YES;
				SWIFT_UPCOMING_FEATURE_MEMBER_IMPORT_VISIBILITY = YES;
				SWIFT_VERSION = 5.0;
				TARGETED_DEVICE_FAMILY = "1,2,7";
				XROS_DEPLOYMENT_TARGET = 26.2;
			};
			name = Release;
		};
/* End XCBuildConfiguration section */

/* Begin XCConfigurationList section */
		2357DA352FC7094200C19B6D /* Build configuration list for PBXProject "MatchMate" */ = {
			isa = XCConfigurationList;
			buildConfigurations = (
				2357DA432FC7094400C19B6D /* Debug */,
				2357DA442FC7094400C19B6D /* Release */,
			);
			defaultConfigurationIsVisible = 0;
			defaultConfigurationName = Release;
		};
		2357DA452FC7094400C19B6D /* Build configuration list for PBXNativeTarget "MatchMate" */ = {
			isa = XCConfigurationList;
			buildConfigurations = (
				2357DA462FC7094400C19B6D /* Debug */,
				2357DA472FC7094400C19B6D /* Release */,
			);
			defaultConfigurationIsVisible = 0;
			defaultConfigurationName = Release;
		};
/* End XCConfigurationList section */

/* Begin XCRemoteSwiftPackageReference section */
		2357DA4F2FC70E2700C19B6D /* XCRemoteSwiftPackageReference "SDWebImageSwiftUI" */ = {
			isa = XCRemoteSwiftPackageReference;
			repositoryURL = "https://github.com/SDWebImage/SDWebImageSwiftUI";
			requirement = {
				kind = upToNextMajorVersion;
				minimumVersion = 3.1.4;
			};
		};
		2357DA712FC7151F00C19B6D /* XCRemoteSwiftPackageReference "realm-swift" */ = {
			isa = XCRemoteSwiftPackageReference;
			repositoryURL = "https://github.com/realm/realm-swift";
			requirement = {
				branch = community;
				kind = branch;
			};
		};
/* End XCRemoteSwiftPackageReference section */

/* Begin XCSwiftPackageProductDependency section */
		2357DA502FC70E2700C19B6D /* SDWebImageSwiftUI */ = {
			isa = XCSwiftPackageProductDependency;
			package = 2357DA4F2FC70E2700C19B6D /* XCRemoteSwiftPackageReference "SDWebImageSwiftUI" */;
			productName = SDWebImageSwiftUI;
		};
		2357DA722FC7151F00C19B6D /* RealmSwift */ = {
			isa = XCSwiftPackageProductDependency;
			package = 2357DA712FC7151F00C19B6D /* XCRemoteSwiftPackageReference "realm-swift" */;
			productName = RealmSwift;
		};
/* End XCSwiftPackageProductDependency section */
	};
	rootObject = 2357DA322FC7094200C19B6D /* Project object */;
}
